{
  "requires": true,
  "lockfileVersion": 1,
  "dependencies": {
    "vue-apexcharts": {
      "version": "1.5.0",
      "resolved": "https://registry.npmjs.org/vue-apexcharts/-/vue-apexcharts-1.5.0.tgz",
      "integrity": "sha512-BhwhC45vQkhcsYwDGXjVczGL1KReedu/4lNH+hr0SzKNL8FgK4BQZgE+BJHwBQ5gt1Bd9JYnwe/DPWumC7O3bg=="
    }
  }
}
