
Microsoft Visual Studio Solution File, Format Version 12.00
# Visual Studio 15
VisualStudioVersion = 15.0.28010.2003
MinimumVisualStudioVersion = 10.0.40219.1
Project("{FAE04EC0-301F-11D3-BF4B-00C04F79EFBC}") = "Vtb.PosKeep.ReportTransfer.App", "ReportTransfer\Vtb.PosKeep.ReportTransfer.App.csproj", "{6B2FAD84-135E-4E58-A6DA-4C7087D89583}"
EndProject
Project("{FAE04EC0-301F-11D3-BF4B-00C04F79EFBC}") = "Vtb.PosKeep.ReportTransfer.FileProcessing", "FileTransfer\Vtb.PosKeep.ReportTransfer.FileProcessing.csproj", "{EF7D335C-BF52-4F15-8C27-2E157F3F557F}"
EndProject
Project("{FAE04EC0-301F-11D3-BF4B-00C04F79EFBC}") = "Vtb.PosKeep.ReportTransfer.FileTransferTest", "Vtb.PosKeep.ReportTransfer.FileTransferTest\Vtb.PosKeep.ReportTransfer.FileTransferTest.csproj", "{AF88939E-9873-4CF1-BB45-6E0EDC9C5661}"
EndProject
Project("{FAE04EC0-301F-11D3-BF4B-00C04F79EFBC}") = "Vtb.PosKeep.Common.Logging", "..\Vtb.PosKeep.Common\Vtb.PosKeep.Common.Logging\Vtb.PosKeep.Common.Logging\Vtb.PosKeep.Common.Logging.csproj", "{295E9750-0BC1-44FD-9ADB-0A84D5BEA06D}"
EndProject
Project("{FAE04EC0-301F-11D3-BF4B-00C04F79EFBC}") = "Vtb.PosKeep.Common.AsyncLogger", "..\Vtb.PosKeep.Common\Vtb.PosKeep.Common.Logging\Vtb.PosKeep.Common.AsyncLogger\Vtb.PosKeep.Common.AsyncLogger.csproj", "{9301C4BF-09AD-4B7F-8E96-09107643481E}"
EndProject
Global
	GlobalSection(SolutionConfigurationPlatforms) = preSolution
		Debug|Any CPU = Debug|Any CPU
		Release|Any CPU = Release|Any CPU
	EndGlobalSection
	GlobalSection(ProjectConfigurationPlatforms) = postSolution
		{6B2FAD84-135E-4E58-A6DA-4C7087D89583}.Debug|Any CPU.ActiveCfg = Debug|Any CPU
		{6B2FAD84-135E-4E58-A6DA-4C7087D89583}.Debug|Any CPU.Build.0 = Debug|Any CPU
		{6B2FAD84-135E-4E58-A6DA-4C7087D89583}.Release|Any CPU.ActiveCfg = Release|Any CPU
		{6B2FAD84-135E-4E58-A6DA-4C7087D89583}.Release|Any CPU.Build.0 = Release|Any CPU
		{EF7D335C-BF52-4F15-8C27-2E157F3F557F}.Debug|Any CPU.ActiveCfg = Debug|Any CPU
		{EF7D335C-BF52-4F15-8C27-2E157F3F557F}.Debug|Any CPU.Build.0 = Debug|Any CPU
		{EF7D335C-BF52-4F15-8C27-2E157F3F557F}.Release|Any CPU.ActiveCfg = Release|Any CPU
		{EF7D335C-BF52-4F15-8C27-2E157F3F557F}.Release|Any CPU.Build.0 = Release|Any CPU
		{AF88939E-9873-4CF1-BB45-6E0EDC9C5661}.Debug|Any CPU.ActiveCfg = Debug|Any CPU
		{AF88939E-9873-4CF1-BB45-6E0EDC9C5661}.Debug|Any CPU.Build.0 = Debug|Any CPU
		{AF88939E-9873-4CF1-BB45-6E0EDC9C5661}.Release|Any CPU.ActiveCfg = Release|Any CPU
		{AF88939E-9873-4CF1-BB45-6E0EDC9C5661}.Release|Any CPU.Build.0 = Release|Any CPU
		{295E9750-0BC1-44FD-9ADB-0A84D5BEA06D}.Debug|Any CPU.ActiveCfg = Debug|Any CPU
		{295E9750-0BC1-44FD-9ADB-0A84D5BEA06D}.Debug|Any CPU.Build.0 = Debug|Any CPU
		{295E9750-0BC1-44FD-9ADB-0A84D5BEA06D}.Release|Any CPU.ActiveCfg = Release|Any CPU
		{295E9750-0BC1-44FD-9ADB-0A84D5BEA06D}.Release|Any CPU.Build.0 = Release|Any CPU
		{9301C4BF-09AD-4B7F-8E96-09107643481E}.Debug|Any CPU.ActiveCfg = Debug|Any CPU
		{9301C4BF-09AD-4B7F-8E96-09107643481E}.Debug|Any CPU.Build.0 = Debug|Any CPU
		{9301C4BF-09AD-4B7F-8E96-09107643481E}.Release|Any CPU.ActiveCfg = Release|Any CPU
		{9301C4BF-09AD-4B7F-8E96-09107643481E}.Release|Any CPU.Build.0 = Release|Any CPU
	EndGlobalSection
	GlobalSection(SolutionProperties) = preSolution
		HideSolutionNode = FALSE
	EndGlobalSection
	GlobalSection(ExtensibilityGlobals) = postSolution
		SolutionGuid = {6DE56349-5CF2-4025-B23E-F60582CCB1E6}
	EndGlobalSection
EndGlobal
